
Microsoft Visual Studio Solution File, Format Version 12.00
# Visual Studio 15
VisualStudioVersion = 15.0.28307.1800
MinimumVisualStudioVersion = 10.0.40219.1
Project("{FAE04EC0-301F-11D3-BF4B-00C04F79EFBC}") = "MiniTabl", "MiniTabl\MiniTabl.csproj", "{D29C9C0D-0072-429A-AC10-34C31C76AB03}"
EndProject
Global
	GlobalSection(SolutionConfigurationPlatforms) = preSolution
		Debug|Any CPU = Debug|Any CPU
		Release|Any CPU = Release|Any CPU
	EndGlobalSection
	GlobalSection(ProjectConfigurationPlatforms) = postSolution
		{D29C9C0D-0072-429A-AC10-34C31C76AB03}.Debug|Any CPU.ActiveCfg = Debug|Any CPU
		{D29C9C0D-0072-429A-AC10-34C31C76AB03}.Debug|Any CPU.Build.0 = Debug|Any CPU
		{D29C9C0D-0072-429A-AC10-34C31C76AB03}.Release|Any CPU.ActiveCfg = Release|Any CPU
		{D29C9C0D-0072-429A-AC10-34C31C76AB03}.Release|Any CPU.Build.0 = Release|Any CPU
	EndGlobalSection
	GlobalSection(SolutionProperties) = preSolution
		HideSolutionNode = FALSE
	EndGlobalSection
	GlobalSection(ExtensibilityGlobals) = postSolution
		SolutionGuid = {5266B02B-65DA-4C4B-8B6A-F4ABED3E5C35}
	EndGlobalSection
EndGlobal
